// !$*UTF8*$!
{
	archiveVersion = 1;
	classes = {
	};
	objectVersion = 56;
	objects = {

/* Begin PBXBuildFile section */
		B10000000000000000000001 /* KORRApp.swift in Sources */ = {isa = PBXBuildFile; fileRef = F10000000000000000000001 /* KORRApp.swift */; };
		B10000000000000000000002 /* AddHabitSheet.swift in Sources */ = {isa = PBXBuildFile; fileRef = F10000000000000000000002 /* AddHabitSheet.swift */; };
		B10000000000000000000003 /* GlassComponents.swift in Sources */ = {isa = PBXBuildFile; fileRef = F10000000000000000000003 /* GlassComponents.swift */; };
		B10000000000000000000004 /* HabitRow.swift in Sources */ = {isa = PBXBuildFile; fileRef = F10000000000000000000004 /* HabitRow.swift */; };
		B10000000000000000000005 /* LensView.swift in Sources */ = {isa = PBXBuildFile; fileRef = F10000000000000000000005 /* LensView.swift */; };
		B10000000000000000000006 /* Enums.swift in Sources */ = {isa = PBXBuildFile; fileRef = F10000000000000000000006 /* Enums.swift */; };
		B10000000000000000000007 /* Habit.swift in Sources */ = {isa = PBXBuildFile; fileRef = F10000000000000000000007 /* Habit.swift */; };
		B10000000000000000000008 /* OnboardingProfile.swift in Sources */ = {isa = PBXBuildFile; fileRef = F10000000000000000000008 /* OnboardingProfile.swift */; };
		B10000000000000000000009 /* PersistenceManager.swift in Sources */ = {isa = PBXBuildFile; fileRef = F10000000000000000000009 /* PersistenceManager.swift */; };
		B1000000000000000000000A /* OnboardingFlowView.swift in Sources */ = {isa = PBXBuildFile; fileRef = F1000000000000000000000A /* OnboardingFlowView.swift */; };
		B1000000000000000000000B /* PaywallView.swift in Sources */ = {isa = PBXBuildFile; fileRef = F1000000000000000000000B /* PaywallView.swift */; };
		B1000000000000000000000C /* RootView.swift in Sources */ = {isa = PBXBuildFile; fileRef = F1000000000000000000000C /* RootView.swift */; };
		B1000000000000000000000D /* ClarityScreen.swift in Sources */ = {isa = PBXBuildFile; fileRef = F1000000000000000000000D /* ClarityScreen.swift */; };
		B1000000000000000000000E /* InsightsScreen.swift in Sources */ = {isa = PBXBuildFile; fileRef = F1000000000000000000000E /* InsightsScreen.swift */; };
		B1000000000000000000000F /* MainTabView.swift in Sources */ = {isa = PBXBuildFile; fileRef = F1000000000000000000000F /* MainTabView.swift */; };
		B10000000000000000000010 /* StudioScreen.swift in Sources */ = {isa = PBXBuildFile; fileRef = F10000000000000000000010 /* StudioScreen.swift */; };
		B10000000000000000000011 /* TodayScreen.swift in Sources */ = {isa = PBXBuildFile; fileRef = F10000000000000000000011 /* TodayScreen.swift */; };
		B10000000000000000000012 /* ClarityEngine.swift in Sources */ = {isa = PBXBuildFile; fileRef = F10000000000000000000012 /* ClarityEngine.swift */; };
		B10000000000000000000013 /* HabitLibrary.swift in Sources */ = {isa = PBXBuildFile; fileRef = F10000000000000000000013 /* HabitLibrary.swift */; };
		B10000000000000000000014 /* DateHelper.swift in Sources */ = {isa = PBXBuildFile; fileRef = F10000000000000000000014 /* DateHelper.swift */; };
		B10000000000000000000015 /* AppStateViewModel.swift in Sources */ = {isa = PBXBuildFile; fileRef = F10000000000000000000015 /* AppStateViewModel.swift */; };
		B10000000000000000000016 /* ClarityViewModel.swift in Sources */ = {isa = PBXBuildFile; fileRef = F10000000000000000000016 /* ClarityViewModel.swift */; };
		B10000000000000000000017 /* OnboardingViewModel.swift in Sources */ = {isa = PBXBuildFile; fileRef = F10000000000000000000017 /* OnboardingViewModel.swift */; };
		B10000000000000000000018 /* TodayViewModel.swift in Sources */ = {isa = PBXBuildFile; fileRef = F10000000000000000000018 /* TodayViewModel.swift */; };
/* End PBXBuildFile section */

/* Begin PBXFileReference section */
		F10000000000000000000001 /* KORRApp.swift */ = {isa = PBXFileReference; lastKnownFileType = sourcecode.swift; path = App/KORRApp.swift; sourceTree = "<group>"; };
		F10000000000000000000002 /* AddHabitSheet.swift */ = {isa = PBXFileReference; lastKnownFileType = sourcecode.swift; path = Components/AddHabitSheet.swift; sourceTree = "<group>"; };
		F10000000000000000000003 /* GlassComponents.swift */ = {isa = PBXFileReference; lastKnownFileType = sourcecode.swift; path = Components/GlassComponents.swift; sourceTree = "<group>"; };
		F10000000000000000000004 /* HabitRow.swift */ = {isa = PBXFileReference; lastKnownFileType = sourcecode.swift; path = Components/HabitRow.swift; sourceTree = "<group>"; };
		F10000000000000000000005 /* LensView.swift */ = {isa = PBXFileReference; lastKnownFileType = sourcecode.swift; path = Components/LensView.swift; sourceTree = "<group>"; };
		F10000000000000000000006 /* Enums.swift */ = {isa = PBXFileReference; lastKnownFileType = sourcecode.swift; path = Models/Enums.swift; sourceTree = "<group>"; };
		F10000000000000000000007 /* Habit.swift */ = {isa = PBXFileReference; lastKnownFileType = sourcecode.swift; path = Models/Habit.swift; sourceTree = "<group>"; };
		F10000000000000000000008 /* OnboardingProfile.swift */ = {isa = PBXFileReference; lastKnownFileType = sourcecode.swift; path = Models/OnboardingProfile.swift; sourceTree = "<group>"; };
		F10000000000000000000009 /* PersistenceManager.swift */ = {isa = PBXFileReference; lastKnownFileType = sourcecode.swift; path = Persistence/PersistenceManager.swift; sourceTree = "<group>"; };
		F1000000000000000000000A /* OnboardingFlowView.swift */ = {isa = PBXFileReference; lastKnownFileType = sourcecode.swift; path = Screens/Onboarding/OnboardingFlowView.swift; sourceTree = "<group>"; };
		F1000000000000000000000B /* PaywallView.swift */ = {isa = PBXFileReference; lastKnownFileType = sourcecode.swift; path = Screens/Paywall/PaywallView.swift; sourceTree = "<group>"; };
		F1000000000000000000000C /* RootView.swift */ = {isa = PBXFileReference; lastKnownFileType = sourcecode.swift; path = Screens/RootView.swift; sourceTree = "<group>"; };
		F1000000000000000000000D /* ClarityScreen.swift */ = {isa = PBXFileReference; lastKnownFileType = sourcecode.swift; path = Screens/Tabs/ClarityScreen.swift; sourceTree = "<group>"; };
		F1000000000000000000000E /* InsightsScreen.swift */ = {isa = PBXFileReference; lastKnownFileType = sourcecode.swift; path = Screens/Tabs/InsightsScreen.swift; sourceTree = "<group>"; };
		F1000000000000000000000F /* MainTabView.swift */ = {isa = PBXFileReference; lastKnownFileType = sourcecode.swift; path = Screens/Tabs/MainTabView.swift; sourceTree = "<group>"; };
		F10000000000000000000010 /* StudioScreen.swift */ = {isa = PBXFileReference; lastKnownFileType = sourcecode.swift; path = Screens/Tabs/StudioScreen.swift; sourceTree = "<group>"; };
		F10000000000000000000011 /* TodayScreen.swift */ = {isa = PBXFileReference; lastKnownFileType = sourcecode.swift; path = Screens/Tabs/TodayScreen.swift; sourceTree = "<group>"; };
		F10000000000000000000012 /* ClarityEngine.swift */ = {isa = PBXFileReference; lastKnownFileType = sourcecode.swift; path = Services/ClarityEngine.swift; sourceTree = "<group>"; };
		F10000000000000000000013 /* HabitLibrary.swift */ = {isa = PBXFileReference; lastKnownFileType = sourcecode.swift; path = Services/HabitLibrary.swift; sourceTree = "<group>"; };
		F10000000000000000000014 /* DateHelper.swift */ = {isa = PBXFileReference; lastKnownFileType = sourcecode.swift; path = Utilities/DateHelper.swift; sourceTree = "<group>"; };
		F10000000000000000000015 /* AppStateViewModel.swift */ = {isa = PBXFileReference; lastKnownFileType = sourcecode.swift; path = ViewModels/AppStateViewModel.swift; sourceTree = "<group>"; };
		F10000000000000000000016 /* ClarityViewModel.swift */ = {isa = PBXFileReference; lastKnownFileType = sourcecode.swift; path = ViewModels/ClarityViewModel.swift; sourceTree = "<group>"; };
		F10000000000000000000017 /* OnboardingViewModel.swift */ = {isa = PBXFileReference; lastKnownFileType = sourcecode.swift; path = ViewModels/OnboardingViewModel.swift; sourceTree = "<group>"; };
		F10000000000000000000018 /* TodayViewModel.swift */ = {isa = PBXFileReference; lastKnownFileType = sourcecode.swift; path = ViewModels/TodayViewModel.swift; sourceTree = "<group>"; };
		F10000000000000000000019 /* KORR.app */ = {isa = PBXFileReference; explicitFileType = wrapper.application; includeInIndex = 0; path = KORR.app; sourceTree = BUILT_PRODUCTS_DIR; };
/* End PBXFileReference section */

/* Begin PBXFrameworksBuildPhase section */
		P10000000000000000000001 /* Frameworks */ = {
			isa = PBXFrameworksBuildPhase;
			buildActionMask = 2147483647;
			files = (
			);
			runOnlyForDeploymentPostprocessing = 0;
		};
/* End PBXFrameworksBuildPhase section */

/* Begin PBXGroup section */
		G10000000000000000000001 = {
			isa = PBXGroup;
			children = (
				G10000000000000000000002 /* KORR */,
				G10000000000000000000003 /* Products */,
			);
			sourceTree = "<group>";
		};
		G10000000000000000000002 /* KORR */ = {
			isa = PBXGroup;
			children = (
				F10000000000000000000001 /* KORRApp.swift */,
				F10000000000000000000002 /* AddHabitSheet.swift */,
				F10000000000000000000003 /* GlassComponents.swift */,
				F10000000000000000000004 /* HabitRow.swift */,
				F10000000000000000000005 /* LensView.swift */,
				F10000000000000000000006 /* Enums.swift */,
				F10000000000000000000007 /* Habit.swift */,
				F10000000000000000000008 /* OnboardingProfile.swift */,
				F10000000000000000000009 /* PersistenceManager.swift */,
				F1000000000000000000000A /* OnboardingFlowView.swift */,
				F1000000000000000000000B /* PaywallView.swift */,
				F1000000000000000000000C /* RootView.swift */,
				F1000000000000000000000D /* ClarityScreen.swift */,
				F1000000000000000000000E /* InsightsScreen.swift */,
				F1000000000000000000000F /* MainTabView.swift */,
				F10000000000000000000010 /* StudioScreen.swift */,
				F10000000000000000000011 /* TodayScreen.swift */,
				F10000000000000000000012 /* ClarityEngine.swift */,
				F10000000000000000000013 /* HabitLibrary.swift */,
				F10000000000000000000014 /* DateHelper.swift */,
				F10000000000000000000015 /* AppStateViewModel.swift */,
				F10000000000000000000016 /* ClarityViewModel.swift */,
				F10000000000000000000017 /* OnboardingViewModel.swift */,
				F10000000000000000000018 /* TodayViewModel.swift */,
			);
			path = KORR;
			sourceTree = "<group>";
		};
		G10000000000000000000003 /* Products */ = {
			isa = PBXGroup;
			children = (
				F10000000000000000000019 /* KORR.app */,
			);
			name = Products;
			sourceTree = "<group>";
		};
/* End PBXGroup section */

/* Begin PBXNativeTarget section */
		T10000000000000000000001 /* KORR */ = {
			isa = PBXNativeTarget;
			buildConfigurationList = C10000000000000000000001 /* Build configuration list for PBXNativeTarget "KORR" */;
			buildPhases = (
				P10000000000000000000002 /* Sources */,
				P10000000000000000000001 /* Frameworks */,
				P10000000000000000000003 /* Resources */,
			);
			buildRules = (
			);
			dependencies = (
			);
			name = KORR;
			productName = KORR;
			productReference = F10000000000000000000019 /* KORR.app */;
			productType = "com.apple.product-type.application";
		};
/* End PBXNativeTarget section */

/* Begin PBXProject section */
		P10000000000000000000004 /* Project object */ = {
			isa = PBXProject;
			attributes = {
				BuildIndependentTargetsInParallel = 1;
				LastSwiftUpdateCheck = 1600;
				LastUpgradeCheck = 1600;
				TargetAttributes = {
					T10000000000000000000001 = {
						CreatedOnToolsVersion = 16.0;
					};
				};
			};
			buildConfigurationList = C10000000000000000000002 /* Build configuration list for PBXProject "KORR" */;
			compatibilityVersion = "Xcode 14.0";
			developmentRegion = en;
			hasScannedForEncodings = 0;
			knownRegions = (
				en,
				Base,
			);
			mainGroup = G10000000000000000000001;
			productRefGroup = G10000000000000000000003 /* Products */;
			projectDirPath = "";
			projectRoot = "";
			targets = (
				T10000000000000000000001 /* KORR */,
			);
		};
/* End PBXProject section */

/* Begin PBXResourcesBuildPhase section */
		P10000000000000000000003 /* Resources */ = {
			isa = PBXResourcesBuildPhase;
			buildActionMask = 2147483647;
			files = (
			);
			runOnlyForDeploymentPostprocessing = 0;
		};
/* End PBXResourcesBuildPhase section */

/* Begin PBXSourcesBuildPhase section */
		P10000000000000000000002 /* Sources */ = {
			isa = PBXSourcesBuildPhase;
			buildActionMask = 2147483647;
			files = (
				B10000000000000000000001 /* KORRApp.swift in Sources */,
				B10000000000000000000002 /* AddHabitSheet.swift in Sources */,
				B10000000000000000000003 /* GlassComponents.swift in Sources */,
				B10000000000000000000004 /* HabitRow.swift in Sources */,
				B10000000000000000000005 /* LensView.swift in Sources */,
				B10000000000000000000006 /* Enums.swift in Sources */,
				B10000000000000000000007 /* Habit.swift in Sources */,
				B10000000000000000000008 /* OnboardingProfile.swift in Sources */,
				B10000000000000000000009 /* PersistenceManager.swift in Sources */,
				B1000000000000000000000A /* OnboardingFlowView.swift in Sources */,
				B1000000000000000000000B /* PaywallView.swift in Sources */,
				B1000000000000000000000C /* RootView.swift in Sources */,
				B1000000000000000000000D /* ClarityScreen.swift in Sources */,
				B1000000000000000000000E /* InsightsScreen.swift in Sources */,
				B1000000000000000000000F /* MainTabView.swift in Sources */,
				B10000000000000000000010 /* StudioScreen.swift in Sources */,
				B10000000000000000000011 /* TodayScreen.swift in Sources */,
				B10000000000000000000012 /* ClarityEngine.swift in Sources */,
				B10000000000000000000013 /* HabitLibrary.swift in Sources */,
				B10000000000000000000014 /* DateHelper.swift in Sources */,
				B10000000000000000000015 /* AppStateViewModel.swift in Sources */,
				B10000000000000000000016 /* ClarityViewModel.swift in Sources */,
				B10000000000000000000017 /* OnboardingViewModel.swift in Sources */,
				B10000000000000000000018 /* TodayViewModel.swift in Sources */,
			);
			runOnlyForDeploymentPostprocessing = 0;
		};
/* End PBXSourcesBuildPhase section */

/* Begin XCBuildConfiguration section */
		C10000000000000000000003 /* Debug */ = {
			isa = XCBuildConfiguration;
			buildSettings = {
				ASSETCATALOG_COMPILER_APPICON_NAME = AppIcon;
				CODE_SIGN_STYLE = Automatic;
				CURRENT_PROJECT_VERSION = 1;
				DEVELOPMENT_TEAM = "";
				ENABLE_PREVIEWS = YES;
				GENERATE_INFOPLIST_FILE = YES;
				INFOPLIST_KEY_CFBundleDisplayName = KORR;
				INFOPLIST_KEY_UIApplicationSceneManifest_Generation = YES;
				INFOPLIST_KEY_UIApplicationSupportsIndirectInputEvents = YES;
				INFOPLIST_KEY_UILaunchScreen_Generation = YES;
				INFOPLIST_KEY_UISupportedInterfaceOrientations_iPhone = "UIInterfaceOrientationPortrait";
				IPHONEOS_DEPLOYMENT_TARGET = 17.0;
				LD_RUNPATH_SEARCH_PATHS = (
					"$(inherited)",
					"@executable_path/Frameworks",
				);
				MARKETING_VERSION = 1.0;
				PRODUCT_BUNDLE_IDENTIFIER = com.papitomesyza.korr;
				PRODUCT_NAME = "$(TARGET_NAME)";
				SDKROOT = iphoneos;
				SUPPORTED_PLATFORMS = "iphoneos iphonesimulator";
				SWIFT_VERSION = 5.0;
				TARGETED_DEVICE_FAMILY = 1;
			};
			name = Debug;
		};
		C10000000000000000000004 /* Release */ = {
			isa = XCBuildConfiguration;
			buildSettings = {
				ASSETCATALOG_COMPILER_APPICON_NAME = AppIcon;
				CODE_SIGN_STYLE = Automatic;
				CURRENT_PROJECT_VERSION = 1;
				DEVELOPMENT_TEAM = "";
				ENABLE_PREVIEWS = YES;
				GENERATE_INFOPLIST_FILE = YES;
				INFOPLIST_KEY_CFBundleDisplayName = KORR;
				INFOPLIST_KEY_UIApplicationSceneManifest_Generation = YES;
				INFOPLIST_KEY_UIApplicationSupportsIndirectInputEvents = YES;
				INFOPLIST_KEY_UILaunchScreen_Generation = YES;
				INFOPLIST_KEY_UISupportedInterfaceOrientations_iPhone = "UIInterfaceOrientationPortrait";
				IPHONEOS_DEPLOYMENT_TARGET = 17.0;
				LD_RUNPATH_SEARCH_PATHS = (
					"$(inherited)",
					"@executable_path/Frameworks",
				);
				MARKETING_VERSION = 1.0;
				PRODUCT_BUNDLE_IDENTIFIER = com.papitomesyza.korr;
				PRODUCT_NAME = "$(TARGET_NAME)";
				SDKROOT = iphoneos;
				SUPPORTED_PLATFORMS = "iphoneos iphonesimulator";
				SWIFT_VERSION = 5.0;
				TARGETED_DEVICE_FAMILY = 1;
				VALIDATE_PRODUCT = YES;
			};
			name = Release;
		};
		C10000000000000000000005 /* Debug */ = {
			isa = XCBuildConfiguration;
			buildSettings = {
				ALWAYS_SEARCH_USER_PATHS = NO;
				CLANG_ANALYZER_NONNULL = YES;
				CLANG_ANALYZER_NUMBER_OBJECT_CONVERSION = YES_AGGRESSIVE;
				CLANG_CXX_LANGUAGE_STANDARD = "gnu++20";
				CLANG_ENABLE_MODULES = YES;
				CLANG_ENABLE_OBJC_ARC = YES;
				CLANG_ENABLE_OBJC_WEAK = YES;
				CLANG_WARN_BLOCK_CAPTURE_AUTORELEASING = YES;
				CLANG_WARN_BOOL_CONVERSION = YES;
				CLANG_WARN_COMMA = YES;
				CLANG_WARN_CONSTANT_CONVERSION = YES;
				CLANG_WARN_DEPRECATED_OBJC_IMPLEMENTATIONS = YES;
				CLANG_WARN_DIRECT_OBJC_ISA_USAGE = YES_ERROR;
				CLANG_WARN_DOCUMENTATION_COMMENTS = YES;
				CLANG_WARN_EMPTY_BODY = YES;
				CLANG_WARN_ENUM_CONVERSION = YES;
				CLANG_WARN_INFINITE_RECURSION = YES;
				CLANG_WARN_INT_CONVERSION = YES;
				CLANG_WARN_NON_LITERAL_NULL_CONVERSION = YES;
				CLANG_WARN_OBJC_IMPLICIT_RETAIN_SELF = YES;
				CLANG_WARN_OBJC_LITERAL_CONVERSION = YES;
				CLANG_WARN_OBJC_ROOT_CLASS = YES_ERROR;
				CLANG_WARN_QUOTED_INCLUDE_IN_FRAMEWORK_HEADER = YES;
				CLANG_WARN_RANGE_LOOP_ANALYSIS = YES;
				CLANG_WARN_STRICT_PROTOTYPES = YES;
				CLANG_WARN_SUSPICIOUS_MOVE = YES;
				CLANG_WARN_UNGUARDED_AVAILABILITY = YES_AGGRESSIVE;
				CLANG_WARN_UNREACHABLE_CODE = YES;
				CLANG_WARN__DUPLICATE_METHOD_MATCH = YES;
				COPY_PHASE_STRIP = NO;
				DEBUG_INFORMATION_FORMAT = dwarf;
				ENABLE_STRICT_OBJC_MSGSEND = YES;
				ENABLE_TESTABILITY = YES;
				GCC_C_LANGUAGE_STANDARD = gnu17;
				GCC_DYNAMIC_NO_PIC = NO;
				GCC_NO_COMMON_BLOCKS = YES;
				GCC_OPTIMIZATION_LEVEL = 0;
				GCC_PREPROCESSOR_DEFINITIONS = (
					"DEBUG=1",
					"$(inherited)",
				);
				GCC_WARN_64_TO_32_BIT_CONVERSION = YES;
				GCC_WARN_ABOUT_RETURN_TYPE = YES_ERROR;
				GCC_WARN_UNDECLARED_SELECTOR = YES;
				GCC_WARN_UNINITIALIZED_AUTOS = YES_AGGRESSIVE;
				GCC_WARN_UNUSED_FUNCTION = YES;
				GCC_WARN_UNUSED_VARIABLE = YES;
				IPHONEOS_DEPLOYMENT_TARGET = 17.0;
				MTL_ENABLE_DEBUG_INFO = INCLUDE_SOURCE;
				MTL_FAST_MATH = YES;
				ONLY_ACTIVE_ARCH = YES;
				SDKROOT = iphoneos;
				SWIFT_ACTIVE_COMPILATION_CONDITIONS = DEBUG;
				SWIFT_OPTIMIZATION_LEVEL = "-Onone";
			};
			name = Debug;
		};
		C10000000000000000000006 /* Release */ = {
			isa = XCBuildConfiguration;
			buildSettings = {
				ALWAYS_SEARCH_USER_PATHS = NO;
				CLANG_ANALYZER_NONNULL = YES;
				CLANG_ANALYZER_NUMBER_OBJECT_CONVERSION = YES_AGGRESSIVE;
				CLANG_CXX_LANGUAGE_STANDARD = "gnu++20";
				CLANG_ENABLE_MODULES = YES;
				CLANG_ENABLE_OBJC_ARC = YES;
				CLANG_ENABLE_OBJC_WEAK = YES;
				CLANG_WARN_BLOCK_CAPTURE_AUTORELEASING = YES;
				CLANG_WARN_BOOL_CONVERSION = YES;
				CLANG_WARN_COMMA = YES;
				CLANG_WARN_CONSTANT_CONVERSION = YES;
				CLANG_WARN_DEPRECATED_OBJC_IMPLEMENTATIONS = YES;
				CLANG_WARN_DIRECT_OBJC_ISA_USAGE = YES_ERROR;
				CLANG_WARN_DOCUMENTATION_COMMENTS = YES;
				CLANG_WARN_EMPTY_BODY = YES;
				CLANG_WARN_ENUM_CONVERSION = YES;
				CLANG_WARN_INFINITE_RECURSION = YES;
				CLANG_WARN_INT_CONVERSION = YES;
				CLANG_WARN_NON_LITERAL_NULL_CONVERSION = YES;
				CLANG_WARN_OBJC_IMPLICIT_RETAIN_SELF = YES;
				CLANG_WARN_OBJC_LITERAL_CONVERSION = YES;
				CLANG_WARN_OBJC_ROOT_CLASS = YES_ERROR;
				CLANG_WARN_QUOTED_INCLUDE_IN_FRAMEWORK_HEADER = YES;
				CLANG_WARN_RANGE_LOOP_ANALYSIS = YES;
				CLANG_WARN_STRICT_PROTOTYPES = YES;
				CLANG_WARN_SUSPICIOUS_MOVE = YES;
				CLANG_WARN_UNGUARDED_AVAILABILITY = YES_AGGRESSIVE;
				CLANG_WARN_UNREACHABLE_CODE = YES;
				CLANG_WARN__DUPLICATE_METHOD_MATCH = YES;
				COPY_PHASE_STRIP = NO;
				DEBUG_INFORMATION_FORMAT = "dwarf-with-dsym";
				ENABLE_NS_ASSERTIONS = NO;
				ENABLE_STRICT_OBJC_MSGSEND = YES;
				GCC_C_LANGUAGE_STANDARD = gnu17;
				GCC_NO_COMMON_BLOCKS = YES;
				GCC_WARN_64_TO_32_BIT_CONVERSION = YES;
				GCC_WARN_ABOUT_RETURN_TYPE = YES_ERROR;
				GCC_WARN_UNDECLARED_SELECTOR = YES;
				GCC_WARN_UNINITIALIZED_AUTOS = YES_AGGRESSIVE;
				GCC_WARN_UNUSED_FUNCTION = YES;
				GCC_WARN_UNUSED_VARIABLE = YES;
				IPHONEOS_DEPLOYMENT_TARGET = 17.0;
				MTL_ENABLE_DEBUG_INFO = NO;
				MTL_FAST_MATH = YES;
				SDKROOT = iphoneos;
				SWIFT_COMPILATION_MODE = wholemodule;
				SWIFT_OPTIMIZATION_LEVEL = "-O";
			};
			name = Release;
		};
/* End XCBuildConfiguration section */

/* Begin XCConfigurationList section */
		C10000000000000000000001 /* Build configuration list for PBXNativeTarget "KORR" */ = {
			isa = XCConfigurationList;
			buildConfigurations = (
				C10000000000000000000003 /* Debug */,
				C10000000000000000000004 /* Release */,
			);
			defaultConfigurationIsVisible = 0;
			defaultConfigurationName = Release;
		};
		C10000000000000000000002 /* Build configuration list for PBXProject "KORR" */ = {
			isa = XCConfigurationList;
			buildConfigurations = (
				C10000000000000000000005 /* Debug */,
				C10000000000000000000006 /* Release */,
			);
			defaultConfigurationIsVisible = 0;
			defaultConfigurationName = Release;
		};
/* End XCConfigurationList section */
	};
	rootObject = P10000000000000000000004 /* Project object */;
}
